
Microsoft Visual Studio Solution File, Format Version 12.00
# Visual Studio Version 16
VisualStudioVersion = 16.0.31613.86
MinimumVisualStudioVersion = 10.0.40219.1
Project("{FAE04EC0-301F-11D3-BF4B-00C04F79EFBC}") = "disight", "disight\disight.csproj", "{D45B3012-F8B7-43C2-AADB-59AB7FE72C6F}"
EndProject
Global
	GlobalSection(SolutionConfigurationPlatforms) = preSolution
		Debug|Any CPU = Debug|Any CPU
		Release|Any CPU = Release|Any CPU
	EndGlobalSection
	GlobalSection(ProjectConfigurationPlatforms) = postSolution
		{D45B3012-F8B7-43C2-AADB-59AB7FE72C6F}.Debug|Any CPU.ActiveCfg = Debug|Any CPU
		{D45B3012-F8B7-43C2-AADB-59AB7FE72C6F}.Debug|Any CPU.Build.0 = Debug|Any CPU
		{D45B3012-F8B7-43C2-AADB-59AB7FE72C6F}.Release|Any CPU.ActiveCfg = Release|Any CPU
		{D45B3012-F8B7-43C2-AADB-59AB7FE72C6F}.Release|Any CPU.Build.0 = Release|Any CPU
	EndGlobalSection
	GlobalSection(SolutionProperties) = preSolution
		HideSolutionNode = FALSE
	EndGlobalSection
	GlobalSection(ExtensibilityGlobals) = postSolution
		SolutionGuid = {3E7E993B-0889-42D0-B427-F57E6D31FAF2}
	EndGlobalSection
EndGlobal
